
Microsoft Visual Studio Solution File, Format Version 12.00
# Visual Studio Version 17
VisualStudioVersion = 17.9.34701.34
MinimumVisualStudioVersion = 10.0.40219.1
Project("{FAE04EC0-301F-11D3-BF4B-00C04F79EFBC}") = "LMS.UI", "LMS.UI\LMS.UI.csproj", "{54685499-E0C3-452D-A414-35788246218D}"
EndProject
Project("{FAE04EC0-301F-11D3-BF4B-00C04F79EFBC}") = "LMS.BL", "LMS.BL\LMS.BL.csproj", "{0FBE5C27-1E68-4045-BFD8-C9B59E2F2C76}"
EndProject
Project("{FAE04EC0-301F-11D3-BF4B-00C04F79EFBC}") = "LMS.DAL", "LMS.DAL\LMS.DAL.csproj", "{94879D43-1572-4BBB-BDD1-08BF4C4ADDE3}"
EndProject
Global
	GlobalSection(SolutionConfigurationPlatforms) = preSolution
		Debug|Any CPU = Debug|Any CPU
		Release|Any CPU = Release|Any CPU
	EndGlobalSection
	GlobalSection(ProjectConfigurationPlatforms) = postSolution
		{54685499-E0C3-452D-A414-35788246218D}.Debug|Any CPU.ActiveCfg = Debug|Any CPU
		{54685499-E0C3-452D-A414-35788246218D}.Debug|Any CPU.Build.0 = Debug|Any CPU
		{54685499-E0C3-452D-A414-35788246218D}.Release|Any CPU.ActiveCfg = Release|Any CPU
		{54685499-E0C3-452D-A414-35788246218D}.Release|Any CPU.Build.0 = Release|Any CPU
		{0FBE5C27-1E68-4045-BFD8-C9B59E2F2C76}.Debug|Any CPU.ActiveCfg = Debug|Any CPU
		{0FBE5C27-1E68-4045-BFD8-C9B59E2F2C76}.Debug|Any CPU.Build.0 = Debug|Any CPU
		{0FBE5C27-1E68-4045-BFD8-C9B59E2F2C76}.Release|Any CPU.ActiveCfg = Release|Any CPU
		{0FBE5C27-1E68-4045-BFD8-C9B59E2F2C76}.Release|Any CPU.Build.0 = Release|Any CPU
		{94879D43-1572-4BBB-BDD1-08BF4C4ADDE3}.Debug|Any CPU.ActiveCfg = Debug|Any CPU
		{94879D43-1572-4BBB-BDD1-08BF4C4ADDE3}.Debug|Any CPU.Build.0 = Debug|Any CPU
		{94879D43-1572-4BBB-BDD1-08BF4C4ADDE3}.Release|Any CPU.ActiveCfg = Release|Any CPU
		{94879D43-1572-4BBB-BDD1-08BF4C4ADDE3}.Release|Any CPU.Build.0 = Release|Any CPU
	EndGlobalSection
	GlobalSection(SolutionProperties) = preSolution
		HideSolutionNode = FALSE
	EndGlobalSection
	GlobalSection(ExtensibilityGlobals) = postSolution
		SolutionGuid = {331D0863-C0D4-42C2-8409-16A69A78F371}
	EndGlobalSection
EndGlobal
